
Microsoft Visual Studio Solution File, Format Version 12.00
# Visual Studio Version 17
VisualStudioVersion = 17.2.32516.85
MinimumVisualStudioVersion = 10.0.40219.1
Project("{FAE04EC0-301F-11D3-BF4B-00C04F79EFBC}") = "xMeans", "xMeans\xMeans.csproj", "{E3363190-5D6E-41B2-AF91-DCB82D9BC79C}"
EndProject
Project("{8BC9CEB8-8B4A-11D0-8D11-00A0C91BC942}") = "KTrader", "KTrader\KTrader.vcxproj", "{3AC60E87-4EEC-4400-AD0A-9958A127D8BF}"
EndProject
Project("{8BC9CEB8-8B4A-11D0-8D11-00A0C91BC942}") = "DTWTrader", "DTWTrader\DTWTrader.vcxproj", "{C1A150AE-9E26-4DB0-B7AE-E818071146DE}"
EndProject
Global
	GlobalSection(SolutionConfigurationPlatforms) = preSolution
		Debug|x64 = Debug|x64
		Debug|x86 = Debug|x86
		DebugEXE|x64 = DebugEXE|x64
		DebugEXE|x86 = DebugEXE|x86
		Release|x64 = Release|x64
		Release|x86 = Release|x86
		ReleaseEXE|x64 = ReleaseEXE|x64
		ReleaseEXE|x86 = ReleaseEXE|x86
	EndGlobalSection
	GlobalSection(ProjectConfigurationPlatforms) = postSolution
		{E3363190-5D6E-41B2-AF91-DCB82D9BC79C}.Debug|x64.ActiveCfg = Debug|Any CPU
		{E3363190-5D6E-41B2-AF91-DCB82D9BC79C}.Debug|x64.Build.0 = Debug|Any CPU
		{E3363190-5D6E-41B2-AF91-DCB82D9BC79C}.Debug|x86.ActiveCfg = Debug|Any CPU
		{E3363190-5D6E-41B2-AF91-DCB82D9BC79C}.Debug|x86.Build.0 = Debug|Any CPU
		{E3363190-5D6E-41B2-AF91-DCB82D9BC79C}.DebugEXE|x64.ActiveCfg = DebugEXE|Any CPU
		{E3363190-5D6E-41B2-AF91-DCB82D9BC79C}.DebugEXE|x64.Build.0 = DebugEXE|Any CPU
		{E3363190-5D6E-41B2-AF91-DCB82D9BC79C}.DebugEXE|x86.ActiveCfg = DebugEXE|Any CPU
		{E3363190-5D6E-41B2-AF91-DCB82D9BC79C}.DebugEXE|x86.Build.0 = DebugEXE|Any CPU
		{E3363190-5D6E-41B2-AF91-DCB82D9BC79C}.Release|x64.ActiveCfg = Release|Any CPU
		{E3363190-5D6E-41B2-AF91-DCB82D9BC79C}.Release|x64.Build.0 = Release|Any CPU
		{E3363190-5D6E-41B2-AF91-DCB82D9BC79C}.Release|x86.ActiveCfg = Release|Any CPU
		{E3363190-5D6E-41B2-AF91-DCB82D9BC79C}.Release|x86.Build.0 = Release|Any CPU
		{E3363190-5D6E-41B2-AF91-DCB82D9BC79C}.ReleaseEXE|x64.ActiveCfg = ReleaseEXE|Any CPU
		{E3363190-5D6E-41B2-AF91-DCB82D9BC79C}.ReleaseEXE|x64.Build.0 = ReleaseEXE|Any CPU
		{E3363190-5D6E-41B2-AF91-DCB82D9BC79C}.ReleaseEXE|x86.ActiveCfg = ReleaseEXE|Any CPU
		{E3363190-5D6E-41B2-AF91-DCB82D9BC79C}.ReleaseEXE|x86.Build.0 = ReleaseEXE|Any CPU
		{3AC60E87-4EEC-4400-AD0A-9958A127D8BF}.Debug|x64.ActiveCfg = Debug|x64
		{3AC60E87-4EEC-4400-AD0A-9958A127D8BF}.Debug|x64.Build.0 = Debug|x64
		{3AC60E87-4EEC-4400-AD0A-9958A127D8BF}.Debug|x86.ActiveCfg = Debug|Win32
		{3AC60E87-4EEC-4400-AD0A-9958A127D8BF}.Debug|x86.Build.0 = Debug|Win32
		{3AC60E87-4EEC-4400-AD0A-9958A127D8BF}.DebugEXE|x64.ActiveCfg = DebugEXE|x64
		{3AC60E87-4EEC-4400-AD0A-9958A127D8BF}.DebugEXE|x64.Build.0 = DebugEXE|x64
		{3AC60E87-4EEC-4400-AD0A-9958A127D8BF}.DebugEXE|x86.ActiveCfg = DebugEXE|Win32
		{3AC60E87-4EEC-4400-AD0A-9958A127D8BF}.DebugEXE|x86.Build.0 = DebugEXE|Win32
		{3AC60E87-4EEC-4400-AD0A-9958A127D8BF}.Release|x64.ActiveCfg = Release|x64
		{3AC60E87-4EEC-4400-AD0A-9958A127D8BF}.Release|x64.Build.0 = Release|x64
		{3AC60E87-4EEC-4400-AD0A-9958A127D8BF}.Release|x86.ActiveCfg = Release|Win32
		{3AC60E87-4EEC-4400-AD0A-9958A127D8BF}.Release|x86.Build.0 = Release|Win32
		{3AC60E87-4EEC-4400-AD0A-9958A127D8BF}.ReleaseEXE|x64.ActiveCfg = ReleaseEXE|x64
		{3AC60E87-4EEC-4400-AD0A-9958A127D8BF}.ReleaseEXE|x64.Build.0 = ReleaseEXE|x64
		{3AC60E87-4EEC-4400-AD0A-9958A127D8BF}.ReleaseEXE|x86.ActiveCfg = ReleaseEXE|Win32
		{3AC60E87-4EEC-4400-AD0A-9958A127D8BF}.ReleaseEXE|x86.Build.0 = ReleaseEXE|Win32
		{C1A150AE-9E26-4DB0-B7AE-E818071146DE}.Debug|x64.ActiveCfg = Debug|x64
		{C1A150AE-9E26-4DB0-B7AE-E818071146DE}.Debug|x64.Build.0 = Debug|x64
		{C1A150AE-9E26-4DB0-B7AE-E818071146DE}.Debug|x86.ActiveCfg = Debug|Win32
		{C1A150AE-9E26-4DB0-B7AE-E818071146DE}.Debug|x86.Build.0 = Debug|Win32
		{C1A150AE-9E26-4DB0-B7AE-E818071146DE}.DebugEXE|x64.ActiveCfg = Debug|x64
		{C1A150AE-9E26-4DB0-B7AE-E818071146DE}.DebugEXE|x64.Build.0 = Debug|x64
		{C1A150AE-9E26-4DB0-B7AE-E818071146DE}.DebugEXE|x86.ActiveCfg = Debug|Win32
		{C1A150AE-9E26-4DB0-B7AE-E818071146DE}.DebugEXE|x86.Build.0 = Debug|Win32
		{C1A150AE-9E26-4DB0-B7AE-E818071146DE}.Release|x64.ActiveCfg = Release|x64
		{C1A150AE-9E26-4DB0-B7AE-E818071146DE}.Release|x64.Build.0 = Release|x64
		{C1A150AE-9E26-4DB0-B7AE-E818071146DE}.Release|x86.ActiveCfg = Release|Win32
		{C1A150AE-9E26-4DB0-B7AE-E818071146DE}.Release|x86.Build.0 = Release|Win32
		{C1A150AE-9E26-4DB0-B7AE-E818071146DE}.ReleaseEXE|x64.ActiveCfg = Release|x64
		{C1A150AE-9E26-4DB0-B7AE-E818071146DE}.ReleaseEXE|x64.Build.0 = Release|x64
		{C1A150AE-9E26-4DB0-B7AE-E818071146DE}.ReleaseEXE|x86.ActiveCfg = Release|Win32
		{C1A150AE-9E26-4DB0-B7AE-E818071146DE}.ReleaseEXE|x86.Build.0 = Release|Win32
	EndGlobalSection
	GlobalSection(SolutionProperties) = preSolution
		HideSolutionNode = FALSE
	EndGlobalSection
	GlobalSection(ExtensibilityGlobals) = postSolution
		SolutionGuid = {081F94FB-87D2-4A1C-8369-AD4D9F73C125}
	EndGlobalSection
EndGlobal
